<?xml version="1.0" encoding="utf-8"?>
<Project ToolsVersion="4.0" xmlns="http://schemas.microsoft.com/developer/msbuild/2003">
  <ItemGroup>
    <Filter Include="Source Files">
      <UniqueIdentifier>{6718ae66-1638-4dd3-ad1f-9ef6af1e93d1}</UniqueIdentifier>
      <Extensions>cpp;c;cxx;rc;def;r;odl;idl;hpj;bat</Extensions>
    </Filter>
    <Filter Include="Header Files">
      <UniqueIdentifier>{14733776-9334-44f1-bc4e-afd5fdf87070}</UniqueIdentifier>
      <Extensions>h;hpp;hxx;hm;inl</Extensions>
    </Filter>
    <Filter Include="Resource Files">
      <UniqueIdentifier>{f3c7291a-4236-412f-8385-15825e5d2e71}</UniqueIdentifier>
      <Extensions>ico;cur;bmp;dlg;rc2;rct;bin;rgs;gif;jpg;jpeg;jpe</Extensions>
    </Filter>
  </ItemGroup>
  <ItemGroup>
    <ClCompile Include="Accord.cpp">
      <Filter>Source Files</Filter>
    </ClCompile>
    <ClCompile Include="Accordage Guitare.cpp">
      <Filter>Source Files</Filter>
    </ClCompile>
    <ClCompile Include="Accordage GuitareDlg.cpp">
      <Filter>Source Files</Filter>
    </ClCompile>
    <ClCompile Include="DlgDiagramme.cpp">
      <Filter>Source Files</Filter>
    </ClCompile>
    <ClCompile Include="FFT.cpp">
      <Filter>Source Files</Filter>
    </ClCompile>
    <ClCompile Include="StdAfx.cpp">
      <Filter>Source Files</Filter>
    </ClCompile>
  </ItemGroup>
  <ItemGroup>
    <ClInclude Include="Accord.h">
      <Filter>Header Files</Filter>
    </ClInclude>
    <ClInclude Include="Accordage Guitare.h">
      <Filter>Header Files</Filter>
    </ClInclude>
    <ClInclude Include="Accordage GuitareDlg.h">
      <Filter>Header Files</Filter>
    </ClInclude>
    <ClInclude Include="DlgDiagramme.h">
      <Filter>Header Files</Filter>
    </ClInclude>
    <ClInclude Include="FFT.h">
      <Filter>Header Files</Filter>
    </ClInclude>
    <ClInclude Include="Resource.h">
      <Filter>Header Files</Filter>
    </ClInclude>
    <ClInclude Include="StdAfx.h">
      <Filter>Header Files</Filter>
    </ClInclude>
  </ItemGroup>
  <ItemGroup>
    <CustomBuild Include="res\Accordage Guitare.ico">
      <Filter>Resource Files</Filter>
    </CustomBuild>
    <CustomBuild Include="res\Accordage Guitare.rc2">
      <Filter>Resource Files</Filter>
    </CustomBuild>
    <CustomBuild Include="Debug\Accords.ini" />
    <CustomBuild Include="ReadMe.txt" />
  </ItemGroup>
  <ItemGroup>
    <ResourceCompile Include="Accordage Guitare.rc">
      <Filter>Resource Files</Filter>
    </ResourceCompile>
  </ItemGroup>
</Project>